
Microsoft Visual Studio Solution File, Format Version 12.00
Project("{FAE04EC0-301F-11D3-BF4B-00C04F79EFBC}") = "DataAccess", "DataAccess\DataAccess.csproj", "{027E97CB-686F-4E7A-9DF3-AC7B46F4FAD4}"
EndProject
Project("{FAE04EC0-301F-11D3-BF4B-00C04F79EFBC}") = "Business", "Business\Business.csproj", "{B26DC395-47DB-47FD-90FE-8DD8D4DAAE5C}"
EndProject
Project("{FAE04EC0-301F-11D3-BF4B-00C04F79EFBC}") = "Entities", "Entities\Entities.csproj", "{908B7CD3-FA66-4272-98A4-B85D0F75A743}"
EndProject
Project("{FAE04EC0-301F-11D3-BF4B-00C04F79EFBC}") = "ConsoleUI", "ConsoleUI\ConsoleUI.csproj", "{636DA139-FF17-4950-A197-C883DEA6E2F2}"
EndProject
Project("{FAE04EC0-301F-11D3-BF4B-00C04F79EFBC}") = "Core", "Core\Core.csproj", "{C7ABFDEA-5B07-49D5-BD71-A1C601FA76B6}"
EndProject
Project("{FAE04EC0-301F-11D3-BF4B-00C04F79EFBC}") = "WebAPI", "WebAPI\WebAPI.csproj", "{5AC60284-6064-4B99-B26E-72C2BE008431}"
EndProject
Global
	GlobalSection(SolutionConfigurationPlatforms) = preSolution
		Debug|Any CPU = Debug|Any CPU
		Release|Any CPU = Release|Any CPU
	EndGlobalSection
	GlobalSection(ProjectConfigurationPlatforms) = postSolution
		{027E97CB-686F-4E7A-9DF3-AC7B46F4FAD4}.Debug|Any CPU.ActiveCfg = Debug|Any CPU
		{027E97CB-686F-4E7A-9DF3-AC7B46F4FAD4}.Debug|Any CPU.Build.0 = Debug|Any CPU
		{027E97CB-686F-4E7A-9DF3-AC7B46F4FAD4}.Release|Any CPU.ActiveCfg = Release|Any CPU
		{027E97CB-686F-4E7A-9DF3-AC7B46F4FAD4}.Release|Any CPU.Build.0 = Release|Any CPU
		{B26DC395-47DB-47FD-90FE-8DD8D4DAAE5C}.Debug|Any CPU.ActiveCfg = Debug|Any CPU
		{B26DC395-47DB-47FD-90FE-8DD8D4DAAE5C}.Debug|Any CPU.Build.0 = Debug|Any CPU
		{B26DC395-47DB-47FD-90FE-8DD8D4DAAE5C}.Release|Any CPU.ActiveCfg = Release|Any CPU
		{B26DC395-47DB-47FD-90FE-8DD8D4DAAE5C}.Release|Any CPU.Build.0 = Release|Any CPU
		{908B7CD3-FA66-4272-98A4-B85D0F75A743}.Debug|Any CPU.ActiveCfg = Debug|Any CPU
		{908B7CD3-FA66-4272-98A4-B85D0F75A743}.Debug|Any CPU.Build.0 = Debug|Any CPU
		{908B7CD3-FA66-4272-98A4-B85D0F75A743}.Release|Any CPU.ActiveCfg = Release|Any CPU
		{908B7CD3-FA66-4272-98A4-B85D0F75A743}.Release|Any CPU.Build.0 = Release|Any CPU
		{636DA139-FF17-4950-A197-C883DEA6E2F2}.Debug|Any CPU.ActiveCfg = Debug|Any CPU
		{636DA139-FF17-4950-A197-C883DEA6E2F2}.Debug|Any CPU.Build.0 = Debug|Any CPU
		{636DA139-FF17-4950-A197-C883DEA6E2F2}.Release|Any CPU.ActiveCfg = Release|Any CPU
		{636DA139-FF17-4950-A197-C883DEA6E2F2}.Release|Any CPU.Build.0 = Release|Any CPU
		{C7ABFDEA-5B07-49D5-BD71-A1C601FA76B6}.Debug|Any CPU.ActiveCfg = Debug|Any CPU
		{C7ABFDEA-5B07-49D5-BD71-A1C601FA76B6}.Debug|Any CPU.Build.0 = Debug|Any CPU
		{C7ABFDEA-5B07-49D5-BD71-A1C601FA76B6}.Release|Any CPU.ActiveCfg = Release|Any CPU
		{C7ABFDEA-5B07-49D5-BD71-A1C601FA76B6}.Release|Any CPU.Build.0 = Release|Any CPU
		{5AC60284-6064-4B99-B26E-72C2BE008431}.Debug|Any CPU.ActiveCfg = Debug|Any CPU
		{5AC60284-6064-4B99-B26E-72C2BE008431}.Debug|Any CPU.Build.0 = Debug|Any CPU
		{5AC60284-6064-4B99-B26E-72C2BE008431}.Release|Any CPU.ActiveCfg = Release|Any CPU
		{5AC60284-6064-4B99-B26E-72C2BE008431}.Release|Any CPU.Build.0 = Release|Any CPU
	EndGlobalSection
EndGlobal
